// !$*UTF8*$!
{
	archiveVersion = 1;
	classes = {
	};
	objectVersion = 56;
	objects = {

/* Begin PBXBuildFile section */
		6E2752E04ABFE2460903BE93 /* Pods_RSSFeedTests.framework in Frameworks */ = {isa = PBXBuildFile; fileRef = 09A155A5BCA2F089CAD3ADFC /* Pods_RSSFeedTests.framework */; };
		8437BD7E2AB32058009E13AC /* RSSFeedApp.swift in Sources */ = {isa = PBXBuildFile; fileRef = 8437BD7D2AB32058009E13AC /* RSSFeedApp.swift */; };
		8437BD802AB32058009E13AC /* ContentView.swift in Sources */ = {isa = PBXBuildFile; fileRef = 8437BD7F2AB32058009E13AC /* ContentView.swift */; };
		8437BD822AB32059009E13AC /* Assets.xcassets in Resources */ = {isa = PBXBuildFile; fileRef = 8437BD812AB32059009E13AC /* Assets.xcassets */; };
		8437BD852AB32059009E13AC /* Preview Assets.xcassets in Resources */ = {isa = PBXBuildFile; fileRef = 8437BD842AB32059009E13AC /* Preview Assets.xcassets */; };
		8437BD8F2AB32059009E13AC /* RSSFeedTests.swift in Sources */ = {isa = PBXBuildFile; fileRef = 8437BD8E2AB32059009E13AC /* RSSFeedTests.swift */; };
		8437BDAD2AB321C0009E13AC /* FeedListView.swift in Sources */ = {isa = PBXBuildFile; fileRef = 8437BDAC2AB321C0009E13AC /* FeedListView.swift */; };
		8437BDB12AB32261009E13AC /* FeedListRowView.swift in Sources */ = {isa = PBXBuildFile; fileRef = 8437BDB02AB32261009E13AC /* FeedListRowView.swift */; };
		8437BDB32AB323CC009E13AC /* FeedModel.swift in Sources */ = {isa = PBXBuildFile; fileRef = 8437BDB22AB323CC009E13AC /* FeedModel.swift */; };
		8437BDB52AB32502009E13AC /* FeedViewModel.swift in Sources */ = {isa = PBXBuildFile; fileRef = 8437BDB42AB32502009E13AC /* FeedViewModel.swift */; };
		8437BDB72AB32791009E13AC /* Example.xml in Resources */ = {isa = PBXBuildFile; fileRef = 8437BDB62AB32791009E13AC /* Example.xml */; };
		844990962AB443FB00517D86 /* FeedListHeaderView.swift in Sources */ = {isa = PBXBuildFile; fileRef = 844990952AB443FB00517D86 /* FeedListHeaderView.swift */; };
		844990982AB4475500517D86 /* FeedDetailViewModel.swift in Sources */ = {isa = PBXBuildFile; fileRef = 844990972AB4475500517D86 /* FeedDetailViewModel.swift */; };
		8449909A2AB458BE00517D86 /* ColorUtil.swift in Sources */ = {isa = PBXBuildFile; fileRef = 844990992AB458BE00517D86 /* ColorUtil.swift */; };
		8449909C2AB46A5100517D86 /* DateUtil.swift in Sources */ = {isa = PBXBuildFile; fileRef = 8449909B2AB46A5100517D86 /* DateUtil.swift */; };
		8449909E2AB47CFF00517D86 /* AddPublicationsView.swift in Sources */ = {isa = PBXBuildFile; fileRef = 8449909D2AB47CFF00517D86 /* AddPublicationsView.swift */; };
		844990A02AB4C9E700517D86 /* .travis.yml in Resources */ = {isa = PBXBuildFile; fileRef = 8449909F2AB4C9E700517D86 /* .travis.yml */; };
		844990A32AB5A82E00517D86 /* FeedService.swift in Sources */ = {isa = PBXBuildFile; fileRef = 844990A22AB5A82E00517D86 /* FeedService.swift */; };
		844990A52AB5AD3100517D86 /* XMLDecoderUtil.swift in Sources */ = {isa = PBXBuildFile; fileRef = 844990A42AB5AD3100517D86 /* XMLDecoderUtil.swift */; };
		844990AB2AB6054D00517D86 /* FeedServiceTests.swift in Sources */ = {isa = PBXBuildFile; fileRef = 844990AA2AB6054D00517D86 /* FeedServiceTests.swift */; };
		8484F4612AB3619300F7BF91 /* Extension+Data.swift in Sources */ = {isa = PBXBuildFile; fileRef = 8484F4602AB3619300F7BF91 /* Extension+Data.swift */; };
		8484F4652AB365C000F7BF91 /* PublicationsModel.swift in Sources */ = {isa = PBXBuildFile; fileRef = 8484F4642AB365C000F7BF91 /* PublicationsModel.swift */; };
		8484F4672AB3663C00F7BF91 /* PublicationsViewModel.swift in Sources */ = {isa = PBXBuildFile; fileRef = 8484F4662AB3663C00F7BF91 /* PublicationsViewModel.swift */; };
		8484F4692AB3665B00F7BF91 /* PublicationsListView.swift in Sources */ = {isa = PBXBuildFile; fileRef = 8484F4682AB3665B00F7BF91 /* PublicationsListView.swift */; };
		8484F46B2AB3696100F7BF91 /* PublicationListRowView.swift in Sources */ = {isa = PBXBuildFile; fileRef = 8484F46A2AB3696100F7BF91 /* PublicationListRowView.swift */; };
		8484F46E2AB3712E00F7BF91 /* DataUtil.swift in Sources */ = {isa = PBXBuildFile; fileRef = 8484F46D2AB3712E00F7BF91 /* DataUtil.swift */; };
		8484F4702AB3748B00F7BF91 /* FeedDetailsView.swift in Sources */ = {isa = PBXBuildFile; fileRef = 8484F46F2AB3748B00F7BF91 /* FeedDetailsView.swift */; };
		849F70582AB6BD4D004C03FC /* PublicationsViewModelTests.swift in Sources */ = {isa = PBXBuildFile; fileRef = 849F70572AB6BD4D004C03FC /* PublicationsViewModelTests.swift */; };
		849F705A2AB6BD94004C03FC /* FeedViewModelTests.swift in Sources */ = {isa = PBXBuildFile; fileRef = 849F70592AB6BD94004C03FC /* FeedViewModelTests.swift */; };
		849F705D2AB6BE8D004C03FC /* BookmarkServiceTests.swift in Sources */ = {isa = PBXBuildFile; fileRef = 849F705C2AB6BE8D004C03FC /* BookmarkServiceTests.swift */; };
		849F705F2AB6CAE1004C03FC /* FeedBookmarkUserDefaultsCacheService.swift in Sources */ = {isa = PBXBuildFile; fileRef = 849F705E2AB6CAE1004C03FC /* FeedBookmarkUserDefaultsCacheService.swift */; };
		849F70612AB6CD21004C03FC /* FeedDatailViewModelTests.swift in Sources */ = {isa = PBXBuildFile; fileRef = 849F70602AB6CD21004C03FC /* FeedDatailViewModelTests.swift */; };
		849F70642AB7083C004C03FC /* UtilTests.swift in Sources */ = {isa = PBXBuildFile; fileRef = 849F70632AB7083C004C03FC /* UtilTests.swift */; };
		849F70672AB7615D004C03FC /* FeedItemsListView.swift in Sources */ = {isa = PBXBuildFile; fileRef = 849F70662AB7615D004C03FC /* FeedItemsListView.swift */; };
		849F706A2AB761AA004C03FC /* CacheConstants.swift in Sources */ = {isa = PBXBuildFile; fileRef = 849F70692AB761AA004C03FC /* CacheConstants.swift */; };
		849F706F2AB82EE3004C03FC /* RSSFeedCoreData.xcdatamodeld in Sources */ = {isa = PBXBuildFile; fileRef = 849F706D2AB82EE3004C03FC /* RSSFeedCoreData.xcdatamodeld */; };
		849F707E2AB83044004C03FC /* Bookmarks+CoreDataClass.swift in Sources */ = {isa = PBXBuildFile; fileRef = 849F707C2AB83044004C03FC /* Bookmarks+CoreDataClass.swift */; };
		849F707F2AB83044004C03FC /* Bookmarks+CoreDataProperties.swift in Sources */ = {isa = PBXBuildFile; fileRef = 849F707D2AB83044004C03FC /* Bookmarks+CoreDataProperties.swift */; };
		849F70812AB839CB004C03FC /* FeedBookmarkCoreDataCacheService.swift in Sources */ = {isa = PBXBuildFile; fileRef = 849F70802AB839CB004C03FC /* FeedBookmarkCoreDataCacheService.swift */; };
		849F70832AB84578004C03FC /* CategoryTransformer.swift in Sources */ = {isa = PBXBuildFile; fileRef = 849F70822AB84578004C03FC /* CategoryTransformer.swift */; };
		9676839377694AF741CBE0C2 /* Pods_RSSFeed.framework in Frameworks */ = {isa = PBXBuildFile; fileRef = EFDD3F6ED58A18C2AAA66F8C /* Pods_RSSFeed.framework */; };
/* End PBXBuildFile section */

/* Begin PBXContainerItemProxy section */
		8437BD8B2AB32059009E13AC /* PBXContainerItemProxy */ = {
			isa = PBXContainerItemProxy;
			containerPortal = 8437BD722AB32058009E13AC /* Project object */;
			proxyType = 1;
			remoteGlobalIDString = 8437BD792AB32058009E13AC;
			remoteInfo = RSSFeed;
		};
/* End PBXContainerItemProxy section */

/* Begin PBXFileReference section */
		09A155A5BCA2F089CAD3ADFC /* Pods_RSSFeedTests.framework */ = {isa = PBXFileReference; explicitFileType = wrapper.framework; includeInIndex = 0; path = Pods_RSSFeedTests.framework; sourceTree = BUILT_PRODUCTS_DIR; };
		348F0FD27FE091BC21E3A2F3 /* Pods-RSSFeedTests.debug.xcconfig */ = {isa = PBXFileReference; includeInIndex = 1; lastKnownFileType = text.xcconfig; name = "Pods-RSSFeedTests.debug.xcconfig"; path = "Target Support Files/Pods-RSSFeedTests/Pods-RSSFeedTests.debug.xcconfig"; sourceTree = "<group>"; };
		3AB50B3BC541FB3749F0C736 /* Pods-RSSFeed.debug.xcconfig */ = {isa = PBXFileReference; includeInIndex = 1; lastKnownFileType = text.xcconfig; name = "Pods-RSSFeed.debug.xcconfig"; path = "Target Support Files/Pods-RSSFeed/Pods-RSSFeed.debug.xcconfig"; sourceTree = "<group>"; };
		8437BD7A2AB32058009E13AC /* RSSFeed.app */ = {isa = PBXFileReference; explicitFileType = wrapper.application; includeInIndex = 0; path = RSSFeed.app; sourceTree = BUILT_PRODUCTS_DIR; };
		8437BD7D2AB32058009E13AC /* RSSFeedApp.swift */ = {isa = PBXFileReference; lastKnownFileType = sourcecode.swift; path = RSSFeedApp.swift; sourceTree = "<group>"; };
		8437BD7F2AB32058009E13AC /* ContentView.swift */ = {isa = PBXFileReference; lastKnownFileType = sourcecode.swift; path = ContentView.swift; sourceTree = "<group>"; };
		8437BD812AB32059009E13AC /* Assets.xcassets */ = {isa = PBXFileReference; lastKnownFileType = folder.assetcatalog; path = Assets.xcassets; sourceTree = "<group>"; };
		8437BD842AB32059009E13AC /* Preview Assets.xcassets */ = {isa = PBXFileReference; lastKnownFileType = folder.assetcatalog; path = "Preview Assets.xcassets"; sourceTree = "<group>"; };
		8437BD8A2AB32059009E13AC /* RSSFeedTests.xctest */ = {isa = PBXFileReference; explicitFileType = wrapper.cfbundle; includeInIndex = 0; path = RSSFeedTests.xctest; sourceTree = BUILT_PRODUCTS_DIR; };
		8437BD8E2AB32059009E13AC /* RSSFeedTests.swift */ = {isa = PBXFileReference; lastKnownFileType = sourcecode.swift; path = RSSFeedTests.swift; sourceTree = "<group>"; };
		8437BDAC2AB321C0009E13AC /* FeedListView.swift */ = {isa = PBXFileReference; lastKnownFileType = sourcecode.swift; path = FeedListView.swift; sourceTree = "<group>"; };
		8437BDB02AB32261009E13AC /* FeedListRowView.swift */ = {isa = PBXFileReference; lastKnownFileType = sourcecode.swift; path = FeedListRowView.swift; sourceTree = "<group>"; };
		8437BDB22AB323CC009E13AC /* FeedModel.swift */ = {isa = PBXFileReference; lastKnownFileType = sourcecode.swift; path = FeedModel.swift; sourceTree = "<group>"; };
		8437BDB42AB32502009E13AC /* FeedViewModel.swift */ = {isa = PBXFileReference; lastKnownFileType = sourcecode.swift; path = FeedViewModel.swift; sourceTree = "<group>"; };
		8437BDB62AB32791009E13AC /* Example.xml */ = {isa = PBXFileReference; lastKnownFileType = text.xml; path = Example.xml; sourceTree = "<group>"; };
		844990952AB443FB00517D86 /* FeedListHeaderView.swift */ = {isa = PBXFileReference; lastKnownFileType = sourcecode.swift; path = FeedListHeaderView.swift; sourceTree = "<group>"; };
		844990972AB4475500517D86 /* FeedDetailViewModel.swift */ = {isa = PBXFileReference; lastKnownFileType = sourcecode.swift; path = FeedDetailViewModel.swift; sourceTree = "<group>"; };
		844990992AB458BE00517D86 /* ColorUtil.swift */ = {isa = PBXFileReference; lastKnownFileType = sourcecode.swift; path = ColorUtil.swift; sourceTree = "<group>"; };
		8449909B2AB46A5100517D86 /* DateUtil.swift */ = {isa = PBXFileReference; lastKnownFileType = sourcecode.swift; path = DateUtil.swift; sourceTree = "<group>"; };
		8449909D2AB47CFF00517D86 /* AddPublicationsView.swift */ = {isa = PBXFileReference; lastKnownFileType = sourcecode.swift; path = AddPublicationsView.swift; sourceTree = "<group>"; };
		8449909F2AB4C9E700517D86 /* .travis.yml */ = {isa = PBXFileReference; lastKnownFileType = text.yaml; path = .travis.yml; sourceTree = "<group>"; };
		844990A22AB5A82E00517D86 /* FeedService.swift */ = {isa = PBXFileReference; lastKnownFileType = sourcecode.swift; path = FeedService.swift; sourceTree = "<group>"; };
		844990A42AB5AD3100517D86 /* XMLDecoderUtil.swift */ = {isa = PBXFileReference; lastKnownFileType = sourcecode.swift; path = XMLDecoderUtil.swift; sourceTree = "<group>"; };
		844990AA2AB6054D00517D86 /* FeedServiceTests.swift */ = {isa = PBXFileReference; lastKnownFileType = sourcecode.swift; path = FeedServiceTests.swift; sourceTree = "<group>"; };
		8484F4602AB3619300F7BF91 /* Extension+Data.swift */ = {isa = PBXFileReference; lastKnownFileType = sourcecode.swift; path = "Extension+Data.swift"; sourceTree = "<group>"; };
		8484F4642AB365C000F7BF91 /* PublicationsModel.swift */ = {isa = PBXFileReference; lastKnownFileType = sourcecode.swift; path = PublicationsModel.swift; sourceTree = "<group>"; };
		8484F4662AB3663C00F7BF91 /* PublicationsViewModel.swift */ = {isa = PBXFileReference; lastKnownFileType = sourcecode.swift; path = PublicationsViewModel.swift; sourceTree = "<group>"; };
		8484F4682AB3665B00F7BF91 /* PublicationsListView.swift */ = {isa = PBXFileReference; lastKnownFileType = sourcecode.swift; path = PublicationsListView.swift; sourceTree = "<group>"; };
		8484F46A2AB3696100F7BF91 /* PublicationListRowView.swift */ = {isa = PBXFileReference; lastKnownFileType = sourcecode.swift; path = PublicationListRowView.swift; sourceTree = "<group>"; };
		8484F46D2AB3712E00F7BF91 /* DataUtil.swift */ = {isa = PBXFileReference; lastKnownFileType = sourcecode.swift; path = DataUtil.swift; sourceTree = "<group>"; };
		8484F46F2AB3748B00F7BF91 /* FeedDetailsView.swift */ = {isa = PBXFileReference; lastKnownFileType = sourcecode.swift; path = FeedDetailsView.swift; sourceTree = "<group>"; };
		849F70572AB6BD4D004C03FC /* PublicationsViewModelTests.swift */ = {isa = PBXFileReference; lastKnownFileType = sourcecode.swift; path = PublicationsViewModelTests.swift; sourceTree = "<group>"; };
		849F70592AB6BD94004C03FC /* FeedViewModelTests.swift */ = {isa = PBXFileReference; lastKnownFileType = sourcecode.swift; path = FeedViewModelTests.swift; sourceTree = "<group>"; };
		849F705C2AB6BE8D004C03FC /* BookmarkServiceTests.swift */ = {isa = PBXFileReference; lastKnownFileType = sourcecode.swift; path = BookmarkServiceTests.swift; sourceTree = "<group>"; };
		849F705E2AB6CAE1004C03FC /* FeedBookmarkUserDefaultsCacheService.swift */ = {isa = PBXFileReference; lastKnownFileType = sourcecode.swift; path = FeedBookmarkUserDefaultsCacheService.swift; sourceTree = "<group>"; };
		849F70602AB6CD21004C03FC /* FeedDatailViewModelTests.swift */ = {isa = PBXFileReference; lastKnownFileType = sourcecode.swift; path = FeedDatailViewModelTests.swift; sourceTree = "<group>"; };
		849F70632AB7083C004C03FC /* UtilTests.swift */ = {isa = PBXFileReference; lastKnownFileType = sourcecode.swift; path = UtilTests.swift; sourceTree = "<group>"; };
		849F70652AB730DF004C03FC /* TestPlan.xctestplan */ = {isa = PBXFileReference; lastKnownFileType = text; path = TestPlan.xctestplan; sourceTree = "<group>"; };
		849F70662AB7615D004C03FC /* FeedItemsListView.swift */ = {isa = PBXFileReference; lastKnownFileType = sourcecode.swift; path = FeedItemsListView.swift; sourceTree = "<group>"; };
		849F70692AB761AA004C03FC /* CacheConstants.swift */ = {isa = PBXFileReference; lastKnownFileType = sourcecode.swift; path = CacheConstants.swift; sourceTree = "<group>"; };
		849F706E2AB82EE3004C03FC /* RSSFeedCoreData.xcdatamodel */ = {isa = PBXFileReference; lastKnownFileType = wrapper.xcdatamodel; path = RSSFeedCoreData.xcdatamodel; sourceTree = "<group>"; };
		849F707C2AB83044004C03FC /* Bookmarks+CoreDataClass.swift */ = {isa = PBXFileReference; lastKnownFileType = sourcecode.swift; path = "Bookmarks+CoreDataClass.swift"; sourceTree = "<group>"; };
		849F707D2AB83044004C03FC /* Bookmarks+CoreDataProperties.swift */ = {isa = PBXFileReference; lastKnownFileType = sourcecode.swift; path = "Bookmarks+CoreDataProperties.swift"; sourceTree = "<group>"; };
		849F70802AB839CB004C03FC /* FeedBookmarkCoreDataCacheService.swift */ = {isa = PBXFileReference; lastKnownFileType = sourcecode.swift; path = FeedBookmarkCoreDataCacheService.swift; sourceTree = "<group>"; };
		849F70822AB84578004C03FC /* CategoryTransformer.swift */ = {isa = PBXFileReference; lastKnownFileType = sourcecode.swift; path = CategoryTransformer.swift; sourceTree = "<group>"; };
		CDCA70D9B3D88A327DA64D7D /* Pods-RSSFeedTests.release.xcconfig */ = {isa = PBXFileReference; includeInIndex = 1; lastKnownFileType = text.xcconfig; name = "Pods-RSSFeedTests.release.xcconfig"; path = "Target Support Files/Pods-RSSFeedTests/Pods-RSSFeedTests.release.xcconfig"; sourceTree = "<group>"; };
		D1845818F0CBB8FADA5F0776 /* Pods-RSSFeed.release.xcconfig */ = {isa = PBXFileReference; includeInIndex = 1; lastKnownFileType = text.xcconfig; name = "Pods-RSSFeed.release.xcconfig"; path = "Target Support Files/Pods-RSSFeed/Pods-RSSFeed.release.xcconfig"; sourceTree = "<group>"; };
		EFDD3F6ED58A18C2AAA66F8C /* Pods_RSSFeed.framework */ = {isa = PBXFileReference; explicitFileType = wrapper.framework; includeInIndex = 0; path = Pods_RSSFeed.framework; sourceTree = BUILT_PRODUCTS_DIR; };
/* End PBXFileReference section */

/* Begin PBXFrameworksBuildPhase section */
		8437BD772AB32058009E13AC /* Frameworks */ = {
			isa = PBXFrameworksBuildPhase;
			buildActionMask = 2147483647;
			files = (
				9676839377694AF741CBE0C2 /* Pods_RSSFeed.framework in Frameworks */,
			);
			runOnlyForDeploymentPostprocessing = 0;
		};
		8437BD872AB32059009E13AC /* Frameworks */ = {
			isa = PBXFrameworksBuildPhase;
			buildActionMask = 2147483647;
			files = (
				6E2752E04ABFE2460903BE93 /* Pods_RSSFeedTests.framework in Frameworks */,
			);
			runOnlyForDeploymentPostprocessing = 0;
		};
/* End PBXFrameworksBuildPhase section */

/* Begin PBXGroup section */
		26DEB21F9353DEB1EC57AA23 /* Frameworks */ = {
			isa = PBXGroup;
			children = (
				EFDD3F6ED58A18C2AAA66F8C /* Pods_RSSFeed.framework */,
				09A155A5BCA2F089CAD3ADFC /* Pods_RSSFeedTests.framework */,
			);
			name = Frameworks;
			sourceTree = "<group>";
		};
		63979DBE814904C98A28453B /* Pods */ = {
			isa = PBXGroup;
			children = (
				3AB50B3BC541FB3749F0C736 /* Pods-RSSFeed.debug.xcconfig */,
				D1845818F0CBB8FADA5F0776 /* Pods-RSSFeed.release.xcconfig */,
				348F0FD27FE091BC21E3A2F3 /* Pods-RSSFeedTests.debug.xcconfig */,
				CDCA70D9B3D88A327DA64D7D /* Pods-RSSFeedTests.release.xcconfig */,
			);
			path = Pods;
			sourceTree = "<group>";
		};
		8437BD712AB32058009E13AC = {
			isa = PBXGroup;
			children = (
				849F70652AB730DF004C03FC /* TestPlan.xctestplan */,
				8449909F2AB4C9E700517D86 /* .travis.yml */,
				8437BD7C2AB32058009E13AC /* RSSFeed */,
				8437BD8D2AB32059009E13AC /* RSSFeedTests */,
				8437BD7B2AB32058009E13AC /* Products */,
				63979DBE814904C98A28453B /* Pods */,
				26DEB21F9353DEB1EC57AA23 /* Frameworks */,
			);
			sourceTree = "<group>";
		};
		8437BD7B2AB32058009E13AC /* Products */ = {
			isa = PBXGroup;
			children = (
				8437BD7A2AB32058009E13AC /* RSSFeed.app */,
				8437BD8A2AB32059009E13AC /* RSSFeedTests.xctest */,
			);
			name = Products;
			sourceTree = "<group>";
		};
		8437BD7C2AB32058009E13AC /* RSSFeed */ = {
			isa = PBXGroup;
			children = (
				849F70682AB7619D004C03FC /* Constants */,
				8484F46C2AB3712100F7BF91 /* Utils */,
				8484F45F2AB3618000F7BF91 /* Extensions */,
				8437BDAB2AB3214C009E13AC /* Services */,
				8437BDAA2AB3213F009E13AC /* ViewModels */,
				8437BDA92AB3213A009E13AC /* Models */,
				8437BDA82AB32134009E13AC /* Views */,
				8437BD7D2AB32058009E13AC /* RSSFeedApp.swift */,
				8437BD812AB32059009E13AC /* Assets.xcassets */,
				8437BD832AB32059009E13AC /* Preview Content */,
				849F706D2AB82EE3004C03FC /* RSSFeedCoreData.xcdatamodeld */,
			);
			path = RSSFeed;
			sourceTree = "<group>";
		};
		8437BD832AB32059009E13AC /* Preview Content */ = {
			isa = PBXGroup;
			children = (
				8437BD842AB32059009E13AC /* Preview Assets.xcassets */,
				8437BDB62AB32791009E13AC /* Example.xml */,
			);
			path = "Preview Content";
			sourceTree = "<group>";
		};
		8437BD8D2AB32059009E13AC /* RSSFeedTests */ = {
			isa = PBXGroup;
			children = (
				849F70622AB7082F004C03FC /* Utils */,
				849F705B2AB6BDF4004C03FC /* ViewModels */,
				844990A92AB6052600517D86 /* Services */,
				844990A82AB6051900517D86 /* Mocks */,
				8437BD8E2AB32059009E13AC /* RSSFeedTests.swift */,
			);
			path = RSSFeedTests;
			sourceTree = "<group>";
		};
		8437BDA82AB32134009E13AC /* Views */ = {
			isa = PBXGroup;
			children = (
				8484F4682AB3665B00F7BF91 /* PublicationsListView.swift */,
				8437BDAC2AB321C0009E13AC /* FeedListView.swift */,
				8437BD7F2AB32058009E13AC /* ContentView.swift */,
				8437BDB02AB32261009E13AC /* FeedListRowView.swift */,
				844990952AB443FB00517D86 /* FeedListHeaderView.swift */,
				8484F46A2AB3696100F7BF91 /* PublicationListRowView.swift */,
				8484F46F2AB3748B00F7BF91 /* FeedDetailsView.swift */,
				8449909D2AB47CFF00517D86 /* AddPublicationsView.swift */,
				849F70662AB7615D004C03FC /* FeedItemsListView.swift */,
			);
			path = Views;
			sourceTree = "<group>";
		};
		8437BDA92AB3213A009E13AC /* Models */ = {
			isa = PBXGroup;
			children = (
				849F707C2AB83044004C03FC /* Bookmarks+CoreDataClass.swift */,
				849F707D2AB83044004C03FC /* Bookmarks+CoreDataProperties.swift */,
				8437BDB22AB323CC009E13AC /* FeedModel.swift */,
				8484F4642AB365C000F7BF91 /* PublicationsModel.swift */,
			);
			path = Models;
			sourceTree = "<group>";
		};
		8437BDAA2AB3213F009E13AC /* ViewModels */ = {
			isa = PBXGroup;
			children = (
				8437BDB42AB32502009E13AC /* FeedViewModel.swift */,
				8484F4662AB3663C00F7BF91 /* PublicationsViewModel.swift */,
				844990972AB4475500517D86 /* FeedDetailViewModel.swift */,
			);
			path = ViewModels;
			sourceTree = "<group>";
		};
		8437BDAB2AB3214C009E13AC /* Services */ = {
			isa = PBXGroup;
			children = (
				844990A22AB5A82E00517D86 /* FeedService.swift */,
				849F705E2AB6CAE1004C03FC /* FeedBookmarkUserDefaultsCacheService.swift */,
				849F70802AB839CB004C03FC /* FeedBookmarkCoreDataCacheService.swift */,
			);
			path = Services;
			sourceTree = "<group>";
		};
		844990A82AB6051900517D86 /* Mocks */ = {
			isa = PBXGroup;
			children = (
			);
			path = Mocks;
			sourceTree = "<group>";
		};
		844990A92AB6052600517D86 /* Services */ = {
			isa = PBXGroup;
			children = (
				849F705C2AB6BE8D004C03FC /* BookmarkServiceTests.swift */,
				844990AA2AB6054D00517D86 /* FeedServiceTests.swift */,
			);
			path = Services;
			sourceTree = "<group>";
		};
		8484F45F2AB3618000F7BF91 /* Extensions */ = {
			isa = PBXGroup;
			children = (
				8484F4602AB3619300F7BF91 /* Extension+Data.swift */,
			);
			path = Extensions;
			sourceTree = "<group>";
		};
		8484F46C2AB3712100F7BF91 /* Utils */ = {
			isa = PBXGroup;
			children = (
				8484F46D2AB3712E00F7BF91 /* DataUtil.swift */,
				844990992AB458BE00517D86 /* ColorUtil.swift */,
				8449909B2AB46A5100517D86 /* DateUtil.swift */,
				844990A42AB5AD3100517D86 /* XMLDecoderUtil.swift */,
				849F70822AB84578004C03FC /* CategoryTransformer.swift */,
			);
			path = Utils;
			sourceTree = "<group>";
		};
		849F705B2AB6BDF4004C03FC /* ViewModels */ = {
			isa = PBXGroup;
			children = (
				849F70572AB6BD4D004C03FC /* PublicationsViewModelTests.swift */,
				849F70592AB6BD94004C03FC /* FeedViewModelTests.swift */,
				849F70602AB6CD21004C03FC /* FeedDatailViewModelTests.swift */,
			);
			path = ViewModels;
			sourceTree = "<group>";
		};
		849F70622AB7082F004C03FC /* Utils */ = {
			isa = PBXGroup;
			children = (
				849F70632AB7083C004C03FC /* UtilTests.swift */,
			);
			path = Utils;
			sourceTree = "<group>";
		};
		849F70682AB7619D004C03FC /* Constants */ = {
			isa = PBXGroup;
			children = (
				849F70692AB761AA004C03FC /* CacheConstants.swift */,
			);
			path = Constants;
			sourceTree = "<group>";
		};
/* End PBXGroup section */

/* Begin PBXNativeTarget section */
		8437BD792AB32058009E13AC /* RSSFeed */ = {
			isa = PBXNativeTarget;
			buildConfigurationList = 8437BD9E2AB32059009E13AC /* Build configuration list for PBXNativeTarget "RSSFeed" */;
			buildPhases = (
				94408F10E87BA7A1D8F5AE7D /* [CP] Check Pods Manifest.lock */,
				8437BD762AB32058009E13AC /* Sources */,
				8437BD772AB32058009E13AC /* Frameworks */,
				8437BD782AB32058009E13AC /* Resources */,
				483B17A339DD1A9CAE348DA4 /* [CP] Embed Pods Frameworks */,
			);
			buildRules = (
			);
			dependencies = (
			);
			name = RSSFeed;
			productName = RSSFeed;
			productReference = 8437BD7A2AB32058009E13AC /* RSSFeed.app */;
			productType = "com.apple.product-type.application";
		};
		8437BD892AB32059009E13AC /* RSSFeedTests */ = {
			isa = PBXNativeTarget;
			buildConfigurationList = 8437BDA12AB32059009E13AC /* Build configuration list for PBXNativeTarget "RSSFeedTests" */;
			buildPhases = (
				AD8AA5208D26D17A20D15063 /* [CP] Check Pods Manifest.lock */,
				8437BD862AB32059009E13AC /* Sources */,
				8437BD872AB32059009E13AC /* Frameworks */,
				8437BD882AB32059009E13AC /* Resources */,
			);
			buildRules = (
			);
			dependencies = (
				8437BD8C2AB32059009E13AC /* PBXTargetDependency */,
			);
			name = RSSFeedTests;
			productName = RSSFeedTests;
			productReference = 8437BD8A2AB32059009E13AC /* RSSFeedTests.xctest */;
			productType = "com.apple.product-type.bundle.unit-test";
		};
/* End PBXNativeTarget section */

/* Begin PBXProject section */
		8437BD722AB32058009E13AC /* Project object */ = {
			isa = PBXProject;
			attributes = {
				BuildIndependentTargetsInParallel = 1;
				LastSwiftUpdateCheck = 1430;
				LastUpgradeCheck = 1430;
				TargetAttributes = {
					8437BD792AB32058009E13AC = {
						CreatedOnToolsVersion = 14.3.1;
					};
					8437BD892AB32059009E13AC = {
						CreatedOnToolsVersion = 14.3.1;
						TestTargetID = 8437BD792AB32058009E13AC;
					};
				};
			};
			buildConfigurationList = 8437BD752AB32058009E13AC /* Build configuration list for PBXProject "RSSFeed" */;
			compatibilityVersion = "Xcode 14.0";
			developmentRegion = en;
			hasScannedForEncodings = 0;
			knownRegions = (
				en,
				Base,
			);
			mainGroup = 8437BD712AB32058009E13AC;
			productRefGroup = 8437BD7B2AB32058009E13AC /* Products */;
			projectDirPath = "";
			projectRoot = "";
			targets = (
				8437BD792AB32058009E13AC /* RSSFeed */,
				8437BD892AB32059009E13AC /* RSSFeedTests */,
			);
		};
/* End PBXProject section */

/* Begin PBXResourcesBuildPhase section */
		8437BD782AB32058009E13AC /* Resources */ = {
			isa = PBXResourcesBuildPhase;
			buildActionMask = 2147483647;
			files = (
				8437BDB72AB32791009E13AC /* Example.xml in Resources */,
				8437BD852AB32059009E13AC /* Preview Assets.xcassets in Resources */,
				844990A02AB4C9E700517D86 /* .travis.yml in Resources */,
				8437BD822AB32059009E13AC /* Assets.xcassets in Resources */,
			);
			runOnlyForDeploymentPostprocessing = 0;
		};
		8437BD882AB32059009E13AC /* Resources */ = {
			isa = PBXResourcesBuildPhase;
			buildActionMask = 2147483647;
			files = (
			);
			runOnlyForDeploymentPostprocessing = 0;
		};
/* End PBXResourcesBuildPhase section */

/* Begin PBXShellScriptBuildPhase section */
		483B17A339DD1A9CAE348DA4 /* [CP] Embed Pods Frameworks */ = {
			isa = PBXShellScriptBuildPhase;
			buildActionMask = 2147483647;
			files = (
			);
			inputFileListPaths = (
				"${PODS_ROOT}/Target Support Files/Pods-RSSFeed/Pods-RSSFeed-frameworks-${CONFIGURATION}-input-files.xcfilelist",
			);
			name = "[CP] Embed Pods Frameworks";
			outputFileListPaths = (
				"${PODS_ROOT}/Target Support Files/Pods-RSSFeed/Pods-RSSFeed-frameworks-${CONFIGURATION}-output-files.xcfilelist",
			);
			runOnlyForDeploymentPostprocessing = 0;
			shellPath = /bin/sh;
			shellScript = "\"${PODS_ROOT}/Target Support Files/Pods-RSSFeed/Pods-RSSFeed-frameworks.sh\"\n";
			showEnvVarsInLog = 0;
		};
		94408F10E87BA7A1D8F5AE7D /* [CP] Check Pods Manifest.lock */ = {
			isa = PBXShellScriptBuildPhase;
			buildActionMask = 2147483647;
			files = (
			);
			inputFileListPaths = (
			);
			inputPaths = (
				"${PODS_PODFILE_DIR_PATH}/Podfile.lock",
				"${PODS_ROOT}/Manifest.lock",
			);
			name = "[CP] Check Pods Manifest.lock";
			outputFileListPaths = (
			);
			outputPaths = (
				"$(DERIVED_FILE_DIR)/Pods-RSSFeed-checkManifestLockResult.txt",
			);
			runOnlyForDeploymentPostprocessing = 0;
			shellPath = /bin/sh;
			shellScript = "diff \"${PODS_PODFILE_DIR_PATH}/Podfile.lock\" \"${PODS_ROOT}/Manifest.lock\" > /dev/null\nif [ $? != 0 ] ; then\n    # print error to STDERR\n    echo \"error: The sandbox is not in sync with the Podfile.lock. Run 'pod install' or update your CocoaPods installation.\" >&2\n    exit 1\nfi\n# This output is used by Xcode 'outputs' to avoid re-running this script phase.\necho \"SUCCESS\" > \"${SCRIPT_OUTPUT_FILE_0}\"\n";
			showEnvVarsInLog = 0;
		};
		AD8AA5208D26D17A20D15063 /* [CP] Check Pods Manifest.lock */ = {
			isa = PBXShellScriptBuildPhase;
			buildActionMask = 2147483647;
			files = (
			);
			inputFileListPaths = (
			);
			inputPaths = (
				"${PODS_PODFILE_DIR_PATH}/Podfile.lock",
				"${PODS_ROOT}/Manifest.lock",
			);
			name = "[CP] Check Pods Manifest.lock";
			outputFileListPaths = (
			);
			outputPaths = (
				"$(DERIVED_FILE_DIR)/Pods-RSSFeedTests-checkManifestLockResult.txt",
			);
			runOnlyForDeploymentPostprocessing = 0;
			shellPath = /bin/sh;
			shellScript = "diff \"${PODS_PODFILE_DIR_PATH}/Podfile.lock\" \"${PODS_ROOT}/Manifest.lock\" > /dev/null\nif [ $? != 0 ] ; then\n    # print error to STDERR\n    echo \"error: The sandbox is not in sync with the Podfile.lock. Run 'pod install' or update your CocoaPods installation.\" >&2\n    exit 1\nfi\n# This output is used by Xcode 'outputs' to avoid re-running this script phase.\necho \"SUCCESS\" > \"${SCRIPT_OUTPUT_FILE_0}\"\n";
			showEnvVarsInLog = 0;
		};
/* End PBXShellScriptBuildPhase section */

/* Begin PBXSourcesBuildPhase section */
		8437BD762AB32058009E13AC /* Sources */ = {
			isa = PBXSourcesBuildPhase;
			buildActionMask = 2147483647;
			files = (
				8437BDAD2AB321C0009E13AC /* FeedListView.swift in Sources */,
				849F70832AB84578004C03FC /* CategoryTransformer.swift in Sources */,
				849F706A2AB761AA004C03FC /* CacheConstants.swift in Sources */,
				8484F46E2AB3712E00F7BF91 /* DataUtil.swift in Sources */,
				849F706F2AB82EE3004C03FC /* RSSFeedCoreData.xcdatamodeld in Sources */,
				8484F46B2AB3696100F7BF91 /* PublicationListRowView.swift in Sources */,
				8449909E2AB47CFF00517D86 /* AddPublicationsView.swift in Sources */,
				844990962AB443FB00517D86 /* FeedListHeaderView.swift in Sources */,
				849F70672AB7615D004C03FC /* FeedItemsListView.swift in Sources */,
				8484F4692AB3665B00F7BF91 /* PublicationsListView.swift in Sources */,
				849F707F2AB83044004C03FC /* Bookmarks+CoreDataProperties.swift in Sources */,
				849F707E2AB83044004C03FC /* Bookmarks+CoreDataClass.swift in Sources */,
				8449909C2AB46A5100517D86 /* DateUtil.swift in Sources */,
				8437BD802AB32058009E13AC /* ContentView.swift in Sources */,
				8484F4672AB3663C00F7BF91 /* PublicationsViewModel.swift in Sources */,
				8449909A2AB458BE00517D86 /* ColorUtil.swift in Sources */,
				8437BDB52AB32502009E13AC /* FeedViewModel.swift in Sources */,
				8484F4612AB3619300F7BF91 /* Extension+Data.swift in Sources */,
				844990A52AB5AD3100517D86 /* XMLDecoderUtil.swift in Sources */,
				849F705F2AB6CAE1004C03FC /* FeedBookmarkUserDefaultsCacheService.swift in Sources */,
				849F70812AB839CB004C03FC /* FeedBookmarkCoreDataCacheService.swift in Sources */,
				8437BDB32AB323CC009E13AC /* FeedModel.swift in Sources */,
				8437BD7E2AB32058009E13AC /* RSSFeedApp.swift in Sources */,
				844990982AB4475500517D86 /* FeedDetailViewModel.swift in Sources */,
				844990A32AB5A82E00517D86 /* FeedService.swift in Sources */,
				8484F4652AB365C000F7BF91 /* PublicationsModel.swift in Sources */,
				8437BDB12AB32261009E13AC /* FeedListRowView.swift in Sources */,
				8484F4702AB3748B00F7BF91 /* FeedDetailsView.swift in Sources */,
			);
			runOnlyForDeploymentPostprocessing = 0;
		};
		8437BD862AB32059009E13AC /* Sources */ = {
			isa = PBXSourcesBuildPhase;
			buildActionMask = 2147483647;
			files = (
				8437BD8F2AB32059009E13AC /* RSSFeedTests.swift in Sources */,
				849F70642AB7083C004C03FC /* UtilTests.swift in Sources */,
				849F70612AB6CD21004C03FC /* FeedDatailViewModelTests.swift in Sources */,
				849F705A2AB6BD94004C03FC /* FeedViewModelTests.swift in Sources */,
				844990AB2AB6054D00517D86 /* FeedServiceTests.swift in Sources */,
				849F70582AB6BD4D004C03FC /* PublicationsViewModelTests.swift in Sources */,
				849F705D2AB6BE8D004C03FC /* BookmarkServiceTests.swift in Sources */,
			);
			runOnlyForDeploymentPostprocessing = 0;
		};
/* End PBXSourcesBuildPhase section */

/* Begin PBXTargetDependency section */
		8437BD8C2AB32059009E13AC /* PBXTargetDependency */ = {
			isa = PBXTargetDependency;
			target = 8437BD792AB32058009E13AC /* RSSFeed */;
			targetProxy = 8437BD8B2AB32059009E13AC /* PBXContainerItemProxy */;
		};
/* End PBXTargetDependency section */

/* Begin XCBuildConfiguration section */
		8437BD9C2AB32059009E13AC /* Debug */ = {
			isa = XCBuildConfiguration;
			buildSettings = {
				ALWAYS_SEARCH_USER_PATHS = NO;
				CLANG_ANALYZER_NONNULL = YES;
				CLANG_ANALYZER_NUMBER_OBJECT_CONVERSION = YES_AGGRESSIVE;
				CLANG_CXX_LANGUAGE_STANDARD = "gnu++20";
				CLANG_ENABLE_MODULES = YES;
				CLANG_ENABLE_OBJC_ARC = YES;
				CLANG_ENABLE_OBJC_WEAK = YES;
				CLANG_WARN_BLOCK_CAPTURE_AUTORELEASING = YES;
				CLANG_WARN_BOOL_CONVERSION = YES;
				CLANG_WARN_COMMA = YES;
				CLANG_WARN_CONSTANT_CONVERSION = YES;
				CLANG_WARN_DEPRECATED_OBJC_IMPLEMENTATIONS = YES;
				CLANG_WARN_DIRECT_OBJC_ISA_USAGE = YES_ERROR;
				CLANG_WARN_DOCUMENTATION_COMMENTS = YES;
				CLANG_WARN_EMPTY_BODY = YES;
				CLANG_WARN_ENUM_CONVERSION = YES;
				CLANG_WARN_INFINITE_RECURSION = YES;
				CLANG_WARN_INT_CONVERSION = YES;
				CLANG_WARN_NON_LITERAL_NULL_CONVERSION = YES;
				CLANG_WARN_OBJC_IMPLICIT_RETAIN_SELF = YES;
				CLANG_WARN_OBJC_LITERAL_CONVERSION = YES;
				CLANG_WARN_OBJC_ROOT_CLASS = YES_ERROR;
				CLANG_WARN_QUOTED_INCLUDE_IN_FRAMEWORK_HEADER = YES;
				CLANG_WARN_RANGE_LOOP_ANALYSIS = YES;
				CLANG_WARN_STRICT_PROTOTYPES = YES;
				CLANG_WARN_SUSPICIOUS_MOVE = YES;
				CLANG_WARN_UNGUARDED_AVAILABILITY = YES_AGGRESSIVE;
				CLANG_WARN_UNREACHABLE_CODE = YES;
				CLANG_WARN__DUPLICATE_METHOD_MATCH = YES;
				COPY_PHASE_STRIP = NO;
				DEBUG_INFORMATION_FORMAT = dwarf;
				ENABLE_STRICT_OBJC_MSGSEND = YES;
				ENABLE_TESTABILITY = YES;
				GCC_C_LANGUAGE_STANDARD = gnu11;
				GCC_DYNAMIC_NO_PIC = NO;
				GCC_NO_COMMON_BLOCKS = YES;
				GCC_OPTIMIZATION_LEVEL = 0;
				GCC_PREPROCESSOR_DEFINITIONS = (
					"DEBUG=1",
					"$(inherited)",
				);
				GCC_WARN_64_TO_32_BIT_CONVERSION = YES;
				GCC_WARN_ABOUT_RETURN_TYPE = YES_ERROR;
				GCC_WARN_UNDECLARED_SELECTOR = YES;
				GCC_WARN_UNINITIALIZED_AUTOS = YES_AGGRESSIVE;
				GCC_WARN_UNUSED_FUNCTION = YES;
				GCC_WARN_UNUSED_VARIABLE = YES;
				IPHONEOS_DEPLOYMENT_TARGET = 16.4;
				MTL_ENABLE_DEBUG_INFO = INCLUDE_SOURCE;
				MTL_FAST_MATH = YES;
				ONLY_ACTIVE_ARCH = YES;
				SDKROOT = iphoneos;
				SWIFT_ACTIVE_COMPILATION_CONDITIONS = DEBUG;
				SWIFT_OPTIMIZATION_LEVEL = "-Onone";
			};
			name = Debug;
		};
		8437BD9D2AB32059009E13AC /* Release */ = {
			isa = XCBuildConfiguration;
			buildSettings = {
				ALWAYS_SEARCH_USER_PATHS = NO;
				CLANG_ANALYZER_NONNULL = YES;
				CLANG_ANALYZER_NUMBER_OBJECT_CONVERSION = YES_AGGRESSIVE;
				CLANG_CXX_LANGUAGE_STANDARD = "gnu++20";
				CLANG_ENABLE_MODULES = YES;
				CLANG_ENABLE_OBJC_ARC = YES;
				CLANG_ENABLE_OBJC_WEAK = YES;
				CLANG_WARN_BLOCK_CAPTURE_AUTORELEASING = YES;
				CLANG_WARN_BOOL_CONVERSION = YES;
				CLANG_WARN_COMMA = YES;
				CLANG_WARN_CONSTANT_CONVERSION = YES;
				CLANG_WARN_DEPRECATED_OBJC_IMPLEMENTATIONS = YES;
				CLANG_WARN_DIRECT_OBJC_ISA_USAGE = YES_ERROR;
				CLANG_WARN_DOCUMENTATION_COMMENTS = YES;
				CLANG_WARN_EMPTY_BODY = YES;
				CLANG_WARN_ENUM_CONVERSION = YES;
				CLANG_WARN_INFINITE_RECURSION = YES;
				CLANG_WARN_INT_CONVERSION = YES;
				CLANG_WARN_NON_LITERAL_NULL_CONVERSION = YES;
				CLANG_WARN_OBJC_IMPLICIT_RETAIN_SELF = YES;
				CLANG_WARN_OBJC_LITERAL_CONVERSION = YES;
				CLANG_WARN_OBJC_ROOT_CLASS = YES_ERROR;
				CLANG_WARN_QUOTED_INCLUDE_IN_FRAMEWORK_HEADER = YES;
				CLANG_WARN_RANGE_LOOP_ANALYSIS = YES;
				CLANG_WARN_STRICT_PROTOTYPES = YES;
				CLANG_WARN_SUSPICIOUS_MOVE = YES;
				CLANG_WARN_UNGUARDED_AVAILABILITY = YES_AGGRESSIVE;
				CLANG_WARN_UNREACHABLE_CODE = YES;
				CLANG_WARN__DUPLICATE_METHOD_MATCH = YES;
				COPY_PHASE_STRIP = NO;
				DEBUG_INFORMATION_FORMAT = "dwarf-with-dsym";
				ENABLE_NS_ASSERTIONS = NO;
				ENABLE_STRICT_OBJC_MSGSEND = YES;
				GCC_C_LANGUAGE_STANDARD = gnu11;
				GCC_NO_COMMON_BLOCKS = YES;
				GCC_WARN_64_TO_32_BIT_CONVERSION = YES;
				GCC_WARN_ABOUT_RETURN_TYPE = YES_ERROR;
				GCC_WARN_UNDECLARED_SELECTOR = YES;
				GCC_WARN_UNINITIALIZED_AUTOS = YES_AGGRESSIVE;
				GCC_WARN_UNUSED_FUNCTION = YES;
				GCC_WARN_UNUSED_VARIABLE = YES;
				IPHONEOS_DEPLOYMENT_TARGET = 16.4;
				MTL_ENABLE_DEBUG_INFO = NO;
				MTL_FAST_MATH = YES;
				SDKROOT = iphoneos;
				SWIFT_COMPILATION_MODE = wholemodule;
				SWIFT_OPTIMIZATION_LEVEL = "-O";
				VALIDATE_PRODUCT = YES;
			};
			name = Release;
		};
		8437BD9F2AB32059009E13AC /* Debug */ = {
			isa = XCBuildConfiguration;
			baseConfigurationReference = 3AB50B3BC541FB3749F0C736 /* Pods-RSSFeed.debug.xcconfig */;
			buildSettings = {
				ASSETCATALOG_COMPILER_APPICON_NAME = AppIcon;
				ASSETCATALOG_COMPILER_GLOBAL_ACCENT_COLOR_NAME = AccentColor;
				CODE_SIGN_STYLE = Automatic;
				CURRENT_PROJECT_VERSION = 1;
				DEVELOPMENT_ASSET_PATHS = "\"RSSFeed/Preview Content\"";
				ENABLE_PREVIEWS = YES;
				GENERATE_INFOPLIST_FILE = YES;
				INFOPLIST_KEY_UIApplicationSceneManifest_Generation = YES;
				INFOPLIST_KEY_UIApplicationSupportsIndirectInputEvents = YES;
				INFOPLIST_KEY_UILaunchScreen_Generation = YES;
				INFOPLIST_KEY_UISupportedInterfaceOrientations_iPad = "UIInterfaceOrientationPortrait UIInterfaceOrientationPortraitUpsideDown UIInterfaceOrientationLandscapeLeft UIInterfaceOrientationLandscapeRight";
				INFOPLIST_KEY_UISupportedInterfaceOrientations_iPhone = "UIInterfaceOrientationPortrait UIInterfaceOrientationLandscapeLeft UIInterfaceOrientationLandscapeRight";
				LD_RUNPATH_SEARCH_PATHS = (
					"$(inherited)",
					"@executable_path/Frameworks",
				);
				MARKETING_VERSION = 1.0;
				PRODUCT_BUNDLE_IDENTIFIER = com.feed.rss.RSSFeed;
				PRODUCT_NAME = "$(TARGET_NAME)";
				SWIFT_EMIT_LOC_STRINGS = YES;
				SWIFT_VERSION = 5.0;
				TARGETED_DEVICE_FAMILY = "1,2";
			};
			name = Debug;
		};
		8437BDA02AB32059009E13AC /* Release */ = {
			isa = XCBuildConfiguration;
			baseConfigurationReference = D1845818F0CBB8FADA5F0776 /* Pods-RSSFeed.release.xcconfig */;
			buildSettings = {
				ASSETCATALOG_COMPILER_APPICON_NAME = AppIcon;
				ASSETCATALOG_COMPILER_GLOBAL_ACCENT_COLOR_NAME = AccentColor;
				CODE_SIGN_STYLE = Automatic;
				CURRENT_PROJECT_VERSION = 1;
				DEVELOPMENT_ASSET_PATHS = "\"RSSFeed/Preview Content\"";
				ENABLE_PREVIEWS = YES;
				GENERATE_INFOPLIST_FILE = YES;
				INFOPLIST_KEY_UIApplicationSceneManifest_Generation = YES;
				INFOPLIST_KEY_UIApplicationSupportsIndirectInputEvents = YES;
				INFOPLIST_KEY_UILaunchScreen_Generation = YES;
				INFOPLIST_KEY_UISupportedInterfaceOrientations_iPad = "UIInterfaceOrientationPortrait UIInterfaceOrientationPortraitUpsideDown UIInterfaceOrientationLandscapeLeft UIInterfaceOrientationLandscapeRight";
				INFOPLIST_KEY_UISupportedInterfaceOrientations_iPhone = "UIInterfaceOrientationPortrait UIInterfaceOrientationLandscapeLeft UIInterfaceOrientationLandscapeRight";
				LD_RUNPATH_SEARCH_PATHS = (
					"$(inherited)",
					"@executable_path/Frameworks",
				);
				MARKETING_VERSION = 1.0;
				PRODUCT_BUNDLE_IDENTIFIER = com.feed.rss.RSSFeed;
				PRODUCT_NAME = "$(TARGET_NAME)";
				SWIFT_EMIT_LOC_STRINGS = YES;
				SWIFT_VERSION = 5.0;
				TARGETED_DEVICE_FAMILY = "1,2";
			};
			name = Release;
		};
		8437BDA22AB32059009E13AC /* Debug */ = {
			isa = XCBuildConfiguration;
			baseConfigurationReference = 348F0FD27FE091BC21E3A2F3 /* Pods-RSSFeedTests.debug.xcconfig */;
			buildSettings = {
				ALWAYS_EMBED_SWIFT_STANDARD_LIBRARIES = YES;
				BUNDLE_LOADER = "$(TEST_HOST)";
				CODE_SIGN_STYLE = Automatic;
				CURRENT_PROJECT_VERSION = 1;
				GENERATE_INFOPLIST_FILE = YES;
				IPHONEOS_DEPLOYMENT_TARGET = 16.4;
				MARKETING_VERSION = 1.0;
				PRODUCT_BUNDLE_IDENTIFIER = com.feed.rss.RSSFeedTests;
				PRODUCT_NAME = "$(TARGET_NAME)";
				SWIFT_EMIT_LOC_STRINGS = NO;
				SWIFT_VERSION = 5.0;
				TARGETED_DEVICE_FAMILY = "1,2";
				TEST_HOST = "$(BUILT_PRODUCTS_DIR)/RSSFeed.app/$(BUNDLE_EXECUTABLE_FOLDER_PATH)/RSSFeed";
			};
			name = Debug;
		};
		8437BDA32AB32059009E13AC /* Release */ = {
			isa = XCBuildConfiguration;
			baseConfigurationReference = CDCA70D9B3D88A327DA64D7D /* Pods-RSSFeedTests.release.xcconfig */;
			buildSettings = {
				ALWAYS_EMBED_SWIFT_STANDARD_LIBRARIES = YES;
				BUNDLE_LOADER = "$(TEST_HOST)";
				CODE_SIGN_STYLE = Automatic;
				CURRENT_PROJECT_VERSION = 1;
				GENERATE_INFOPLIST_FILE = YES;
				IPHONEOS_DEPLOYMENT_TARGET = 16.4;
				MARKETING_VERSION = 1.0;
				PRODUCT_BUNDLE_IDENTIFIER = com.feed.rss.RSSFeedTests;
				PRODUCT_NAME = "$(TARGET_NAME)";
				SWIFT_EMIT_LOC_STRINGS = NO;
				SWIFT_VERSION = 5.0;
				TARGETED_DEVICE_FAMILY = "1,2";
				TEST_HOST = "$(BUILT_PRODUCTS_DIR)/RSSFeed.app/$(BUNDLE_EXECUTABLE_FOLDER_PATH)/RSSFeed";
			};
			name = Release;
		};
/* End XCBuildConfiguration section */

/* Begin XCConfigurationList section */
		8437BD752AB32058009E13AC /* Build configuration list for PBXProject "RSSFeed" */ = {
			isa = XCConfigurationList;
			buildConfigurations = (
				8437BD9C2AB32059009E13AC /* Debug */,
				8437BD9D2AB32059009E13AC /* Release */,
			);
			defaultConfigurationIsVisible = 0;
			defaultConfigurationName = Release;
		};
		8437BD9E2AB32059009E13AC /* Build configuration list for PBXNativeTarget "RSSFeed" */ = {
			isa = XCConfigurationList;
			buildConfigurations = (
				8437BD9F2AB32059009E13AC /* Debug */,
				8437BDA02AB32059009E13AC /* Release */,
			);
			defaultConfigurationIsVisible = 0;
			defaultConfigurationName = Release;
		};
		8437BDA12AB32059009E13AC /* Build configuration list for PBXNativeTarget "RSSFeedTests" */ = {
			isa = XCConfigurationList;
			buildConfigurations = (
				8437BDA22AB32059009E13AC /* Debug */,
				8437BDA32AB32059009E13AC /* Release */,
			);
			defaultConfigurationIsVisible = 0;
			defaultConfigurationName = Release;
		};
/* End XCConfigurationList section */

/* Begin XCVersionGroup section */
		849F706D2AB82EE3004C03FC /* RSSFeedCoreData.xcdatamodeld */ = {
			isa = XCVersionGroup;
			children = (
				849F706E2AB82EE3004C03FC /* RSSFeedCoreData.xcdatamodel */,
			);
			currentVersion = 849F706E2AB82EE3004C03FC /* RSSFeedCoreData.xcdatamodel */;
			path = RSSFeedCoreData.xcdatamodeld;
			sourceTree = "<group>";
			versionGroupType = wrapper.xcdatamodel;
		};
/* End XCVersionGroup section */
	};
	rootObject = 8437BD722AB32058009E13AC /* Project object */;
}
